
Microsoft Visual Studio Solution File, Format Version 12.00
# Visual Studio Version 16
VisualStudioVersion = 16.0.31702.278
MinimumVisualStudioVersion = 10.0.40219.1
Project("{8BC9CEB8-8B4A-11D0-8D11-00A0C91BC942}") = "ProjectO", "ProjectO\ProjectO.vcxproj", "{200F3EB0-B76E-4FA2-A83B-B8B52A338874}"
EndProject
Global
	GlobalSection(SolutionConfigurationPlatforms) = preSolution
		Debug|x64 = Debug|x64
		Debug|x86 = Debug|x86
		Release|x64 = Release|x64
		Release|x86 = Release|x86
	EndGlobalSection
	GlobalSection(ProjectConfigurationPlatforms) = postSolution
		{200F3EB0-B76E-4FA2-A83B-B8B52A338874}.Debug|x64.ActiveCfg = Debug|x64
		{200F3EB0-B76E-4FA2-A83B-B8B52A338874}.Debug|x64.Build.0 = Debug|x64
		{200F3EB0-B76E-4FA2-A83B-B8B52A338874}.Debug|x86.ActiveCfg = Debug|Win32
		{200F3EB0-B76E-4FA2-A83B-B8B52A338874}.Debug|x86.Build.0 = Debug|Win32
		{200F3EB0-B76E-4FA2-A83B-B8B52A338874}.Release|x64.ActiveCfg = Release|x64
		{200F3EB0-B76E-4FA2-A83B-B8B52A338874}.Release|x64.Build.0 = Release|x64
		{200F3EB0-B76E-4FA2-A83B-B8B52A338874}.Release|x86.ActiveCfg = Release|Win32
		{200F3EB0-B76E-4FA2-A83B-B8B52A338874}.Release|x86.Build.0 = Release|Win32
	EndGlobalSection
	GlobalSection(SolutionProperties) = preSolution
		HideSolutionNode = FALSE
	EndGlobalSection
	GlobalSection(ExtensibilityGlobals) = postSolution
		SolutionGuid = {E22761E7-3EB1-4898-AFB0-365AAFA945D9}
	EndGlobalSection
EndGlobal
